// !$*UTF8*$!
{
	archiveVersion = 1;
	classes = {
	};
	objectVersion = 55;
	objects = {

/* Begin PBXBuildFile section */
		8417E27A28BCE1AB00DA1DAC /* AppDelegate.swift in Sources */ = {isa = PBXBuildFile; fileRef = 8417E27928BCE1AB00DA1DAC /* AppDelegate.swift */; };
		8417E27C28BCE1AB00DA1DAC /* SceneDelegate.swift in Sources */ = {isa = PBXBuildFile; fileRef = 8417E27B28BCE1AB00DA1DAC /* SceneDelegate.swift */; };
		8417E27E28BCE1AB00DA1DAC /* TransactionController.swift in Sources */ = {isa = PBXBuildFile; fileRef = 8417E27D28BCE1AB00DA1DAC /* TransactionController.swift */; };
		8417E28428BCE1AB00DA1DAC /* TransactionApp.xcdatamodeld in Sources */ = {isa = PBXBuildFile; fileRef = 8417E28228BCE1AB00DA1DAC /* TransactionApp.xcdatamodeld */; };
		8417E28628BCE1AE00DA1DAC /* Assets.xcassets in Resources */ = {isa = PBXBuildFile; fileRef = 8417E28528BCE1AE00DA1DAC /* Assets.xcassets */; };
		8417E28928BCE1AE00DA1DAC /* LaunchScreen.storyboard in Resources */ = {isa = PBXBuildFile; fileRef = 8417E28728BCE1AE00DA1DAC /* LaunchScreen.storyboard */; };
		8417E29428BCE1AE00DA1DAC /* TransactionRepositoryTests.swift in Sources */ = {isa = PBXBuildFile; fileRef = 8417E29328BCE1AE00DA1DAC /* TransactionRepositoryTests.swift */; };
		8417E29E28BCE1AE00DA1DAC /* TransactionAppUITests.swift in Sources */ = {isa = PBXBuildFile; fileRef = 8417E29D28BCE1AE00DA1DAC /* TransactionAppUITests.swift */; };
		8417E2A028BCE1AE00DA1DAC /* TransactionAppUITestsLaunchTests.swift in Sources */ = {isa = PBXBuildFile; fileRef = 8417E29F28BCE1AE00DA1DAC /* TransactionAppUITestsLaunchTests.swift */; };
		8417E2B628BD0F1300DA1DAC /* PersistenceController.swift in Sources */ = {isa = PBXBuildFile; fileRef = 8417E2B528BD0F1300DA1DAC /* PersistenceController.swift */; };
		8417E2B828BD47CC00DA1DAC /* TransactionRepository.swift in Sources */ = {isa = PBXBuildFile; fileRef = 8417E2B728BD47CC00DA1DAC /* TransactionRepository.swift */; };
		8417E2BA28BD4B1700DA1DAC /* Transaction.swift in Sources */ = {isa = PBXBuildFile; fileRef = 8417E2B928BD4B1700DA1DAC /* Transaction.swift */; };
		8417E2BC28BDAFF100DA1DAC /* TransactionUsecase.swift in Sources */ = {isa = PBXBuildFile; fileRef = 8417E2BB28BDAFF100DA1DAC /* TransactionUsecase.swift */; };
		8417E2BF28BDB85000DA1DAC /* CustomErrors.swift in Sources */ = {isa = PBXBuildFile; fileRef = 8417E2BE28BDB85000DA1DAC /* CustomErrors.swift */; };
		8417E2C128BDBB0A00DA1DAC /* Persistence.swift in Sources */ = {isa = PBXBuildFile; fileRef = 8417E2C028BDBB0A00DA1DAC /* Persistence.swift */; };
		8417E2C428BDBE4300DA1DAC /* MockRepo.swift in Sources */ = {isa = PBXBuildFile; fileRef = 8417E2C328BDBE4300DA1DAC /* MockRepo.swift */; };
		8417E2C728BDBE8500DA1DAC /* MockPersistence.swift in Sources */ = {isa = PBXBuildFile; fileRef = 8417E2C628BDBE8500DA1DAC /* MockPersistence.swift */; };
		8417E2CE28BF02C300DA1DAC /* PersistenceTest.swift in Sources */ = {isa = PBXBuildFile; fileRef = 8417E2CD28BF02C300DA1DAC /* PersistenceTest.swift */; };
		8417E2D228BF15AA00DA1DAC /* TransactionUsecaseTest.swift in Sources */ = {isa = PBXBuildFile; fileRef = 8417E2D128BF15AA00DA1DAC /* TransactionUsecaseTest.swift */; };
		8417E2D428BF1C2300DA1DAC /* Coordinator.swift in Sources */ = {isa = PBXBuildFile; fileRef = 8417E2D328BF1C2300DA1DAC /* Coordinator.swift */; };
		8417E2D628BF1C5900DA1DAC /* MainCoordinator.swift in Sources */ = {isa = PBXBuildFile; fileRef = 8417E2D528BF1C5900DA1DAC /* MainCoordinator.swift */; };
		8417E2D928BF22A900DA1DAC /* TopWidget.swift in Sources */ = {isa = PBXBuildFile; fileRef = 8417E2D828BF22A900DA1DAC /* TopWidget.swift */; };
		8417E2DB28BF253400DA1DAC /* SingleTop.swift in Sources */ = {isa = PBXBuildFile; fileRef = 8417E2DA28BF253400DA1DAC /* SingleTop.swift */; };
		8417E2E128BF743400DA1DAC /* DailyTransaction.swift in Sources */ = {isa = PBXBuildFile; fileRef = 8417E2E028BF743400DA1DAC /* DailyTransaction.swift */; };
		844D198D28BFA45E00642139 /* TransactionViewmodel.swift in Sources */ = {isa = PBXBuildFile; fileRef = 844D198C28BFA45E00642139 /* TransactionViewmodel.swift */; };
		844D198F28C0083800642139 /* EntryModal.swift in Sources */ = {isa = PBXBuildFile; fileRef = 844D198E28C0083800642139 /* EntryModal.swift */; };
		844D199128C0CB5700642139 /* BottomOptions.swift in Sources */ = {isa = PBXBuildFile; fileRef = 844D199028C0CB5700642139 /* BottomOptions.swift */; };
		844D199428C0DF1800642139 /* UIView.swift in Sources */ = {isa = PBXBuildFile; fileRef = 844D199328C0DF1800642139 /* UIView.swift */; };
		844D199628C21CF200642139 /* UIViewController.swift in Sources */ = {isa = PBXBuildFile; fileRef = 844D199528C21CF100642139 /* UIViewController.swift */; };
		844D199828C21D1B00642139 /* Date.swift in Sources */ = {isa = PBXBuildFile; fileRef = 844D199728C21D1B00642139 /* Date.swift */; };
		844D199A28C25B6D00642139 /* TransactionControllerTest.swift in Sources */ = {isa = PBXBuildFile; fileRef = 844D199928C25B6D00642139 /* TransactionControllerTest.swift */; };
		844D199D28C2E0C900642139 /* DeletionController.swift in Sources */ = {isa = PBXBuildFile; fileRef = 844D199C28C2E0C800642139 /* DeletionController.swift */; };
/* End PBXBuildFile section */

/* Begin PBXContainerItemProxy section */
		8417E29028BCE1AE00DA1DAC /* PBXContainerItemProxy */ = {
			isa = PBXContainerItemProxy;
			containerPortal = 8417E26E28BCE1AB00DA1DAC /* Project object */;
			proxyType = 1;
			remoteGlobalIDString = 8417E27528BCE1AB00DA1DAC;
			remoteInfo = TransactionApp;
		};
		8417E29A28BCE1AE00DA1DAC /* PBXContainerItemProxy */ = {
			isa = PBXContainerItemProxy;
			containerPortal = 8417E26E28BCE1AB00DA1DAC /* Project object */;
			proxyType = 1;
			remoteGlobalIDString = 8417E27528BCE1AB00DA1DAC;
			remoteInfo = TransactionApp;
		};
/* End PBXContainerItemProxy section */

/* Begin PBXFileReference section */
		8417E27628BCE1AB00DA1DAC /* TransactionApp.app */ = {isa = PBXFileReference; explicitFileType = wrapper.application; includeInIndex = 0; path = TransactionApp.app; sourceTree = BUILT_PRODUCTS_DIR; };
		8417E27928BCE1AB00DA1DAC /* AppDelegate.swift */ = {isa = PBXFileReference; lastKnownFileType = sourcecode.swift; path = AppDelegate.swift; sourceTree = "<group>"; };
		8417E27B28BCE1AB00DA1DAC /* SceneDelegate.swift */ = {isa = PBXFileReference; lastKnownFileType = sourcecode.swift; path = SceneDelegate.swift; sourceTree = "<group>"; };
		8417E27D28BCE1AB00DA1DAC /* TransactionController.swift */ = {isa = PBXFileReference; lastKnownFileType = sourcecode.swift; path = TransactionController.swift; sourceTree = "<group>"; };
		8417E28328BCE1AB00DA1DAC /* TransactionApp.xcdatamodel */ = {isa = PBXFileReference; lastKnownFileType = wrapper.xcdatamodel; path = TransactionApp.xcdatamodel; sourceTree = "<group>"; };
		8417E28528BCE1AE00DA1DAC /* Assets.xcassets */ = {isa = PBXFileReference; lastKnownFileType = folder.assetcatalog; path = Assets.xcassets; sourceTree = "<group>"; };
		8417E28828BCE1AE00DA1DAC /* Base */ = {isa = PBXFileReference; lastKnownFileType = file.storyboard; name = Base; path = Base.lproj/LaunchScreen.storyboard; sourceTree = "<group>"; };
		8417E28A28BCE1AE00DA1DAC /* Info.plist */ = {isa = PBXFileReference; lastKnownFileType = text.plist.xml; path = Info.plist; sourceTree = "<group>"; };
		8417E28F28BCE1AE00DA1DAC /* TransactionAppTests.xctest */ = {isa = PBXFileReference; explicitFileType = wrapper.cfbundle; includeInIndex = 0; path = TransactionAppTests.xctest; sourceTree = BUILT_PRODUCTS_DIR; };
		8417E29328BCE1AE00DA1DAC /* TransactionRepositoryTests.swift */ = {isa = PBXFileReference; lastKnownFileType = sourcecode.swift; path = TransactionRepositoryTests.swift; sourceTree = "<group>"; };
		8417E29928BCE1AE00DA1DAC /* TransactionAppUITests.xctest */ = {isa = PBXFileReference; explicitFileType = wrapper.cfbundle; includeInIndex = 0; path = TransactionAppUITests.xctest; sourceTree = BUILT_PRODUCTS_DIR; };
		8417E29D28BCE1AE00DA1DAC /* TransactionAppUITests.swift */ = {isa = PBXFileReference; lastKnownFileType = sourcecode.swift; path = TransactionAppUITests.swift; sourceTree = "<group>"; };
		8417E29F28BCE1AE00DA1DAC /* TransactionAppUITestsLaunchTests.swift */ = {isa = PBXFileReference; lastKnownFileType = sourcecode.swift; path = TransactionAppUITestsLaunchTests.swift; sourceTree = "<group>"; };
		8417E2B528BD0F1300DA1DAC /* PersistenceController.swift */ = {isa = PBXFileReference; lastKnownFileType = sourcecode.swift; path = PersistenceController.swift; sourceTree = "<group>"; };
		8417E2B728BD47CC00DA1DAC /* TransactionRepository.swift */ = {isa = PBXFileReference; lastKnownFileType = sourcecode.swift; path = TransactionRepository.swift; sourceTree = "<group>"; };
		8417E2B928BD4B1700DA1DAC /* Transaction.swift */ = {isa = PBXFileReference; lastKnownFileType = sourcecode.swift; path = Transaction.swift; sourceTree = "<group>"; };
		8417E2BB28BDAFF100DA1DAC /* TransactionUsecase.swift */ = {isa = PBXFileReference; lastKnownFileType = sourcecode.swift; path = TransactionUsecase.swift; sourceTree = "<group>"; };
		8417E2BE28BDB85000DA1DAC /* CustomErrors.swift */ = {isa = PBXFileReference; lastKnownFileType = sourcecode.swift; path = CustomErrors.swift; sourceTree = "<group>"; };
		8417E2C028BDBB0A00DA1DAC /* Persistence.swift */ = {isa = PBXFileReference; lastKnownFileType = sourcecode.swift; path = Persistence.swift; sourceTree = "<group>"; };
		8417E2C328BDBE4300DA1DAC /* MockRepo.swift */ = {isa = PBXFileReference; lastKnownFileType = sourcecode.swift; path = MockRepo.swift; sourceTree = "<group>"; };
		8417E2C628BDBE8500DA1DAC /* MockPersistence.swift */ = {isa = PBXFileReference; lastKnownFileType = sourcecode.swift; path = MockPersistence.swift; sourceTree = "<group>"; };
		8417E2CD28BF02C300DA1DAC /* PersistenceTest.swift */ = {isa = PBXFileReference; lastKnownFileType = sourcecode.swift; path = PersistenceTest.swift; sourceTree = "<group>"; };
		8417E2D128BF15AA00DA1DAC /* TransactionUsecaseTest.swift */ = {isa = PBXFileReference; lastKnownFileType = sourcecode.swift; path = TransactionUsecaseTest.swift; sourceTree = "<group>"; };
		8417E2D328BF1C2300DA1DAC /* Coordinator.swift */ = {isa = PBXFileReference; lastKnownFileType = sourcecode.swift; path = Coordinator.swift; sourceTree = "<group>"; };
		8417E2D528BF1C5900DA1DAC /* MainCoordinator.swift */ = {isa = PBXFileReference; lastKnownFileType = sourcecode.swift; path = MainCoordinator.swift; sourceTree = "<group>"; };
		8417E2D828BF22A900DA1DAC /* TopWidget.swift */ = {isa = PBXFileReference; lastKnownFileType = sourcecode.swift; path = TopWidget.swift; sourceTree = "<group>"; };
		8417E2DA28BF253400DA1DAC /* SingleTop.swift */ = {isa = PBXFileReference; lastKnownFileType = sourcecode.swift; path = SingleTop.swift; sourceTree = "<group>"; };
		8417E2E028BF743400DA1DAC /* DailyTransaction.swift */ = {isa = PBXFileReference; lastKnownFileType = sourcecode.swift; path = DailyTransaction.swift; sourceTree = "<group>"; };
		844D198C28BFA45E00642139 /* TransactionViewmodel.swift */ = {isa = PBXFileReference; lastKnownFileType = sourcecode.swift; path = TransactionViewmodel.swift; sourceTree = "<group>"; };
		844D198E28C0083800642139 /* EntryModal.swift */ = {isa = PBXFileReference; lastKnownFileType = sourcecode.swift; path = EntryModal.swift; sourceTree = "<group>"; };
		844D199028C0CB5700642139 /* BottomOptions.swift */ = {isa = PBXFileReference; lastKnownFileType = sourcecode.swift; path = BottomOptions.swift; sourceTree = "<group>"; };
		844D199328C0DF1800642139 /* UIView.swift */ = {isa = PBXFileReference; lastKnownFileType = sourcecode.swift; path = UIView.swift; sourceTree = "<group>"; };
		844D199528C21CF100642139 /* UIViewController.swift */ = {isa = PBXFileReference; lastKnownFileType = sourcecode.swift; path = UIViewController.swift; sourceTree = "<group>"; };
		844D199728C21D1B00642139 /* Date.swift */ = {isa = PBXFileReference; lastKnownFileType = sourcecode.swift; path = Date.swift; sourceTree = "<group>"; };
		844D199928C25B6D00642139 /* TransactionControllerTest.swift */ = {isa = PBXFileReference; lastKnownFileType = sourcecode.swift; path = TransactionControllerTest.swift; sourceTree = "<group>"; };
		844D199C28C2E0C800642139 /* DeletionController.swift */ = {isa = PBXFileReference; lastKnownFileType = sourcecode.swift; path = DeletionController.swift; sourceTree = "<group>"; };
/* End PBXFileReference section */

/* Begin PBXFrameworksBuildPhase section */
		8417E27328BCE1AB00DA1DAC /* Frameworks */ = {
			isa = PBXFrameworksBuildPhase;
			buildActionMask = 2147483647;
			files = (
			);
			runOnlyForDeploymentPostprocessing = 0;
		};
		8417E28C28BCE1AE00DA1DAC /* Frameworks */ = {
			isa = PBXFrameworksBuildPhase;
			buildActionMask = 2147483647;
			files = (
			);
			runOnlyForDeploymentPostprocessing = 0;
		};
		8417E29628BCE1AE00DA1DAC /* Frameworks */ = {
			isa = PBXFrameworksBuildPhase;
			buildActionMask = 2147483647;
			files = (
			);
			runOnlyForDeploymentPostprocessing = 0;
		};
/* End PBXFrameworksBuildPhase section */

/* Begin PBXGroup section */
		8417E26D28BCE1AB00DA1DAC = {
			isa = PBXGroup;
			children = (
				8417E27828BCE1AB00DA1DAC /* TransactionApp */,
				8417E29228BCE1AE00DA1DAC /* TransactionAppTests */,
				8417E29C28BCE1AE00DA1DAC /* TransactionAppUITests */,
				8417E27728BCE1AB00DA1DAC /* Products */,
			);
			sourceTree = "<group>";
		};
		8417E27728BCE1AB00DA1DAC /* Products */ = {
			isa = PBXGroup;
			children = (
				8417E27628BCE1AB00DA1DAC /* TransactionApp.app */,
				8417E28F28BCE1AE00DA1DAC /* TransactionAppTests.xctest */,
				8417E29928BCE1AE00DA1DAC /* TransactionAppUITests.xctest */,
			);
			name = Products;
			sourceTree = "<group>";
		};
		8417E27828BCE1AB00DA1DAC /* TransactionApp */ = {
			isa = PBXGroup;
			children = (
				8417E2BD28BDB80B00DA1DAC /* util */,
				8417E2B228BCE9E200DA1DAC /* ui */,
				8417E2B128BCE98000DA1DAC /* di */,
				8417E2B028BCE97800DA1DAC /* feature */,
				8417E2AF28BCE96B00DA1DAC /* main */,
				8417E2AE28BCE95C00DA1DAC /* core */,
				8417E28528BCE1AE00DA1DAC /* Assets.xcassets */,
				8417E28728BCE1AE00DA1DAC /* LaunchScreen.storyboard */,
				8417E28A28BCE1AE00DA1DAC /* Info.plist */,
				8417E28228BCE1AB00DA1DAC /* TransactionApp.xcdatamodeld */,
			);
			path = TransactionApp;
			sourceTree = "<group>";
		};
		8417E29228BCE1AE00DA1DAC /* TransactionAppTests */ = {
			isa = PBXGroup;
			children = (
				8417E2CA28BF026500DA1DAC /* IntegrationTests */,
				8417E2C228BDBE3400DA1DAC /* Mocks */,
				8417E29328BCE1AE00DA1DAC /* TransactionRepositoryTests.swift */,
				8417E2D128BF15AA00DA1DAC /* TransactionUsecaseTest.swift */,
			);
			path = TransactionAppTests;
			sourceTree = "<group>";
		};
		8417E29C28BCE1AE00DA1DAC /* TransactionAppUITests */ = {
			isa = PBXGroup;
			children = (
				8417E29D28BCE1AE00DA1DAC /* TransactionAppUITests.swift */,
				8417E29F28BCE1AE00DA1DAC /* TransactionAppUITestsLaunchTests.swift */,
			);
			path = TransactionAppUITests;
			sourceTree = "<group>";
		};
		8417E2AE28BCE95C00DA1DAC /* core */ = {
			isa = PBXGroup;
			children = (
				844D199228C0DF0900642139 /* extension */,
				8417E2B428BD0E5100DA1DAC /* local */,
			);
			path = core;
			sourceTree = "<group>";
		};
		8417E2AF28BCE96B00DA1DAC /* main */ = {
			isa = PBXGroup;
			children = (
				8417E27928BCE1AB00DA1DAC /* AppDelegate.swift */,
				8417E27B28BCE1AB00DA1DAC /* SceneDelegate.swift */,
			);
			path = main;
			sourceTree = "<group>";
		};
		8417E2B028BCE97800DA1DAC /* feature */ = {
			isa = PBXGroup;
			children = (
				8417E2B328BCEA3400DA1DAC /* transaction */,
			);
			path = feature;
			sourceTree = "<group>";
		};
		8417E2B128BCE98000DA1DAC /* di */ = {
			isa = PBXGroup;
			children = (
				8417E2D328BF1C2300DA1DAC /* Coordinator.swift */,
				8417E2D528BF1C5900DA1DAC /* MainCoordinator.swift */,
			);
			path = di;
			sourceTree = "<group>";
		};
		8417E2B228BCE9E200DA1DAC /* ui */ = {
			isa = PBXGroup;
			children = (
				8417E2D728BF228C00DA1DAC /* component */,
				8417E27D28BCE1AB00DA1DAC /* TransactionController.swift */,
				844D198C28BFA45E00642139 /* TransactionViewmodel.swift */,
				844D199C28C2E0C800642139 /* DeletionController.swift */,
			);
			path = ui;
			sourceTree = "<group>";
		};
		8417E2B328BCEA3400DA1DAC /* transaction */ = {
			isa = PBXGroup;
			children = (
				8417E2B928BD4B1700DA1DAC /* Transaction.swift */,
				8417E2B728BD47CC00DA1DAC /* TransactionRepository.swift */,
				8417E2BB28BDAFF100DA1DAC /* TransactionUsecase.swift */,
			);
			path = transaction;
			sourceTree = "<group>";
		};
		8417E2B428BD0E5100DA1DAC /* local */ = {
			isa = PBXGroup;
			children = (
				8417E2B528BD0F1300DA1DAC /* PersistenceController.swift */,
				8417E2C028BDBB0A00DA1DAC /* Persistence.swift */,
			);
			path = local;
			sourceTree = "<group>";
		};
		8417E2BD28BDB80B00DA1DAC /* util */ = {
			isa = PBXGroup;
			children = (
				8417E2BE28BDB85000DA1DAC /* CustomErrors.swift */,
			);
			path = util;
			sourceTree = "<group>";
		};
		8417E2C228BDBE3400DA1DAC /* Mocks */ = {
			isa = PBXGroup;
			children = (
				8417E2C328BDBE4300DA1DAC /* MockRepo.swift */,
				8417E2C628BDBE8500DA1DAC /* MockPersistence.swift */,
			);
			path = Mocks;
			sourceTree = "<group>";
		};
		8417E2CA28BF026500DA1DAC /* IntegrationTests */ = {
			isa = PBXGroup;
			children = (
				8417E2CD28BF02C300DA1DAC /* PersistenceTest.swift */,
				844D199928C25B6D00642139 /* TransactionControllerTest.swift */,
			);
			path = IntegrationTests;
			sourceTree = "<group>";
		};
		8417E2D728BF228C00DA1DAC /* component */ = {
			isa = PBXGroup;
			children = (
				8417E2D828BF22A900DA1DAC /* TopWidget.swift */,
				8417E2DA28BF253400DA1DAC /* SingleTop.swift */,
				8417E2E028BF743400DA1DAC /* DailyTransaction.swift */,
				844D198E28C0083800642139 /* EntryModal.swift */,
				844D199028C0CB5700642139 /* BottomOptions.swift */,
			);
			path = component;
			sourceTree = "<group>";
		};
		844D199228C0DF0900642139 /* extension */ = {
			isa = PBXGroup;
			children = (
				844D199328C0DF1800642139 /* UIView.swift */,
				844D199528C21CF100642139 /* UIViewController.swift */,
				844D199728C21D1B00642139 /* Date.swift */,
			);
			path = extension;
			sourceTree = "<group>";
		};
/* End PBXGroup section */

/* Begin PBXNativeTarget section */
		8417E27528BCE1AB00DA1DAC /* TransactionApp */ = {
			isa = PBXNativeTarget;
			buildConfigurationList = 8417E2A328BCE1AE00DA1DAC /* Build configuration list for PBXNativeTarget "TransactionApp" */;
			buildPhases = (
				8417E27228BCE1AB00DA1DAC /* Sources */,
				8417E27328BCE1AB00DA1DAC /* Frameworks */,
				8417E27428BCE1AB00DA1DAC /* Resources */,
			);
			buildRules = (
			);
			dependencies = (
			);
			name = TransactionApp;
			productName = TransactionApp;
			productReference = 8417E27628BCE1AB00DA1DAC /* TransactionApp.app */;
			productType = "com.apple.product-type.application";
		};
		8417E28E28BCE1AE00DA1DAC /* TransactionAppTests */ = {
			isa = PBXNativeTarget;
			buildConfigurationList = 8417E2A628BCE1AE00DA1DAC /* Build configuration list for PBXNativeTarget "TransactionAppTests" */;
			buildPhases = (
				8417E28B28BCE1AE00DA1DAC /* Sources */,
				8417E28C28BCE1AE00DA1DAC /* Frameworks */,
				8417E28D28BCE1AE00DA1DAC /* Resources */,
			);
			buildRules = (
			);
			dependencies = (
				8417E29128BCE1AE00DA1DAC /* PBXTargetDependency */,
			);
			name = TransactionAppTests;
			productName = TransactionAppTests;
			productReference = 8417E28F28BCE1AE00DA1DAC /* TransactionAppTests.xctest */;
			productType = "com.apple.product-type.bundle.unit-test";
		};
		8417E29828BCE1AE00DA1DAC /* TransactionAppUITests */ = {
			isa = PBXNativeTarget;
			buildConfigurationList = 8417E2A928BCE1AE00DA1DAC /* Build configuration list for PBXNativeTarget "TransactionAppUITests" */;
			buildPhases = (
				8417E29528BCE1AE00DA1DAC /* Sources */,
				8417E29628BCE1AE00DA1DAC /* Frameworks */,
				8417E29728BCE1AE00DA1DAC /* Resources */,
			);
			buildRules = (
			);
			dependencies = (
				8417E29B28BCE1AE00DA1DAC /* PBXTargetDependency */,
			);
			name = TransactionAppUITests;
			productName = TransactionAppUITests;
			productReference = 8417E29928BCE1AE00DA1DAC /* TransactionAppUITests.xctest */;
			productType = "com.apple.product-type.bundle.ui-testing";
		};
/* End PBXNativeTarget section */

/* Begin PBXProject section */
		8417E26E28BCE1AB00DA1DAC /* Project object */ = {
			isa = PBXProject;
			attributes = {
				BuildIndependentTargetsInParallel = 1;
				LastSwiftUpdateCheck = 1330;
				LastUpgradeCheck = 1330;
				TargetAttributes = {
					8417E27528BCE1AB00DA1DAC = {
						CreatedOnToolsVersion = 13.3.1;
					};
					8417E28E28BCE1AE00DA1DAC = {
						CreatedOnToolsVersion = 13.3.1;
						TestTargetID = 8417E27528BCE1AB00DA1DAC;
					};
					8417E29828BCE1AE00DA1DAC = {
						CreatedOnToolsVersion = 13.3.1;
						TestTargetID = 8417E27528BCE1AB00DA1DAC;
					};
				};
			};
			buildConfigurationList = 8417E27128BCE1AB00DA1DAC /* Build configuration list for PBXProject "TransactionApp" */;
			compatibilityVersion = "Xcode 13.0";
			developmentRegion = en;
			hasScannedForEncodings = 0;
			knownRegions = (
				en,
				Base,
			);
			mainGroup = 8417E26D28BCE1AB00DA1DAC;
			productRefGroup = 8417E27728BCE1AB00DA1DAC /* Products */;
			projectDirPath = "";
			projectRoot = "";
			targets = (
				8417E27528BCE1AB00DA1DAC /* TransactionApp */,
				8417E28E28BCE1AE00DA1DAC /* TransactionAppTests */,
				8417E29828BCE1AE00DA1DAC /* TransactionAppUITests */,
			);
		};
/* End PBXProject section */

/* Begin PBXResourcesBuildPhase section */
		8417E27428BCE1AB00DA1DAC /* Resources */ = {
			isa = PBXResourcesBuildPhase;
			buildActionMask = 2147483647;
			files = (
				8417E28928BCE1AE00DA1DAC /* LaunchScreen.storyboard in Resources */,
				8417E28628BCE1AE00DA1DAC /* Assets.xcassets in Resources */,
			);
			runOnlyForDeploymentPostprocessing = 0;
		};
		8417E28D28BCE1AE00DA1DAC /* Resources */ = {
			isa = PBXResourcesBuildPhase;
			buildActionMask = 2147483647;
			files = (
			);
			runOnlyForDeploymentPostprocessing = 0;
		};
		8417E29728BCE1AE00DA1DAC /* Resources */ = {
			isa = PBXResourcesBuildPhase;
			buildActionMask = 2147483647;
			files = (
			);
			runOnlyForDeploymentPostprocessing = 0;
		};
/* End PBXResourcesBuildPhase section */

/* Begin PBXSourcesBuildPhase section */
		8417E27228BCE1AB00DA1DAC /* Sources */ = {
			isa = PBXSourcesBuildPhase;
			buildActionMask = 2147483647;
			files = (
				8417E2E128BF743400DA1DAC /* DailyTransaction.swift in Sources */,
				8417E2BA28BD4B1700DA1DAC /* Transaction.swift in Sources */,
				8417E2D628BF1C5900DA1DAC /* MainCoordinator.swift in Sources */,
				8417E2BF28BDB85000DA1DAC /* CustomErrors.swift in Sources */,
				8417E27E28BCE1AB00DA1DAC /* TransactionController.swift in Sources */,
				8417E2D928BF22A900DA1DAC /* TopWidget.swift in Sources */,
				844D198F28C0083800642139 /* EntryModal.swift in Sources */,
				8417E2BC28BDAFF100DA1DAC /* TransactionUsecase.swift in Sources */,
				844D198D28BFA45E00642139 /* TransactionViewmodel.swift in Sources */,
				8417E27A28BCE1AB00DA1DAC /* AppDelegate.swift in Sources */,
				8417E28428BCE1AB00DA1DAC /* TransactionApp.xcdatamodeld in Sources */,
				8417E2D428BF1C2300DA1DAC /* Coordinator.swift in Sources */,
				8417E2B828BD47CC00DA1DAC /* TransactionRepository.swift in Sources */,
				844D199428C0DF1800642139 /* UIView.swift in Sources */,
				844D199628C21CF200642139 /* UIViewController.swift in Sources */,
				8417E27C28BCE1AB00DA1DAC /* SceneDelegate.swift in Sources */,
				844D199828C21D1B00642139 /* Date.swift in Sources */,
				8417E2B628BD0F1300DA1DAC /* PersistenceController.swift in Sources */,
				8417E2C128BDBB0A00DA1DAC /* Persistence.swift in Sources */,
				8417E2DB28BF253400DA1DAC /* SingleTop.swift in Sources */,
				844D199D28C2E0C900642139 /* DeletionController.swift in Sources */,
				844D199128C0CB5700642139 /* BottomOptions.swift in Sources */,
			);
			runOnlyForDeploymentPostprocessing = 0;
		};
		8417E28B28BCE1AE00DA1DAC /* Sources */ = {
			isa = PBXSourcesBuildPhase;
			buildActionMask = 2147483647;
			files = (
				844D199A28C25B6D00642139 /* TransactionControllerTest.swift in Sources */,
				8417E2D228BF15AA00DA1DAC /* TransactionUsecaseTest.swift in Sources */,
				8417E29428BCE1AE00DA1DAC /* TransactionRepositoryTests.swift in Sources */,
				8417E2CE28BF02C300DA1DAC /* PersistenceTest.swift in Sources */,
				8417E2C728BDBE8500DA1DAC /* MockPersistence.swift in Sources */,
				8417E2C428BDBE4300DA1DAC /* MockRepo.swift in Sources */,
			);
			runOnlyForDeploymentPostprocessing = 0;
		};
		8417E29528BCE1AE00DA1DAC /* Sources */ = {
			isa = PBXSourcesBuildPhase;
			buildActionMask = 2147483647;
			files = (
				8417E29E28BCE1AE00DA1DAC /* TransactionAppUITests.swift in Sources */,
				8417E2A028BCE1AE00DA1DAC /* TransactionAppUITestsLaunchTests.swift in Sources */,
			);
			runOnlyForDeploymentPostprocessing = 0;
		};
/* End PBXSourcesBuildPhase section */

/* Begin PBXTargetDependency section */
		8417E29128BCE1AE00DA1DAC /* PBXTargetDependency */ = {
			isa = PBXTargetDependency;
			target = 8417E27528BCE1AB00DA1DAC /* TransactionApp */;
			targetProxy = 8417E29028BCE1AE00DA1DAC /* PBXContainerItemProxy */;
		};
		8417E29B28BCE1AE00DA1DAC /* PBXTargetDependency */ = {
			isa = PBXTargetDependency;
			target = 8417E27528BCE1AB00DA1DAC /* TransactionApp */;
			targetProxy = 8417E29A28BCE1AE00DA1DAC /* PBXContainerItemProxy */;
		};
/* End PBXTargetDependency section */

/* Begin PBXVariantGroup section */
		8417E28728BCE1AE00DA1DAC /* LaunchScreen.storyboard */ = {
			isa = PBXVariantGroup;
			children = (
				8417E28828BCE1AE00DA1DAC /* Base */,
			);
			name = LaunchScreen.storyboard;
			sourceTree = "<group>";
		};
/* End PBXVariantGroup section */

/* Begin XCBuildConfiguration section */
		8417E2A128BCE1AE00DA1DAC /* Debug */ = {
			isa = XCBuildConfiguration;
			buildSettings = {
				ALWAYS_SEARCH_USER_PATHS = NO;
				CLANG_ANALYZER_NONNULL = YES;
				CLANG_ANALYZER_NUMBER_OBJECT_CONVERSION = YES_AGGRESSIVE;
				CLANG_CXX_LANGUAGE_STANDARD = "gnu++17";
				CLANG_ENABLE_MODULES = YES;
				CLANG_ENABLE_OBJC_ARC = YES;
				CLANG_ENABLE_OBJC_WEAK = YES;
				CLANG_WARN_BLOCK_CAPTURE_AUTORELEASING = YES;
				CLANG_WARN_BOOL_CONVERSION = YES;
				CLANG_WARN_COMMA = YES;
				CLANG_WARN_CONSTANT_CONVERSION = YES;
				CLANG_WARN_DEPRECATED_OBJC_IMPLEMENTATIONS = YES;
				CLANG_WARN_DIRECT_OBJC_ISA_USAGE = YES_ERROR;
				CLANG_WARN_DOCUMENTATION_COMMENTS = YES;
				CLANG_WARN_EMPTY_BODY = YES;
				CLANG_WARN_ENUM_CONVERSION = YES;
				CLANG_WARN_INFINITE_RECURSION = YES;
				CLANG_WARN_INT_CONVERSION = YES;
				CLANG_WARN_NON_LITERAL_NULL_CONVERSION = YES;
				CLANG_WARN_OBJC_IMPLICIT_RETAIN_SELF = YES;
				CLANG_WARN_OBJC_LITERAL_CONVERSION = YES;
				CLANG_WARN_OBJC_ROOT_CLASS = YES_ERROR;
				CLANG_WARN_QUOTED_INCLUDE_IN_FRAMEWORK_HEADER = YES;
				CLANG_WARN_RANGE_LOOP_ANALYSIS = YES;
				CLANG_WARN_STRICT_PROTOTYPES = YES;
				CLANG_WARN_SUSPICIOUS_MOVE = YES;
				CLANG_WARN_UNGUARDED_AVAILABILITY = YES_AGGRESSIVE;
				CLANG_WARN_UNREACHABLE_CODE = YES;
				CLANG_WARN__DUPLICATE_METHOD_MATCH = YES;
				COPY_PHASE_STRIP = NO;
				DEBUG_INFORMATION_FORMAT = dwarf;
				ENABLE_STRICT_OBJC_MSGSEND = YES;
				ENABLE_TESTABILITY = YES;
				GCC_C_LANGUAGE_STANDARD = gnu11;
				GCC_DYNAMIC_NO_PIC = NO;
				GCC_NO_COMMON_BLOCKS = YES;
				GCC_OPTIMIZATION_LEVEL = 0;
				GCC_PREPROCESSOR_DEFINITIONS = (
					"DEBUG=1",
					"$(inherited)",
				);
				GCC_WARN_64_TO_32_BIT_CONVERSION = YES;
				GCC_WARN_ABOUT_RETURN_TYPE = YES_ERROR;
				GCC_WARN_UNDECLARED_SELECTOR = YES;
				GCC_WARN_UNINITIALIZED_AUTOS = YES_AGGRESSIVE;
				GCC_WARN_UNUSED_FUNCTION = YES;
				GCC_WARN_UNUSED_VARIABLE = YES;
				IPHONEOS_DEPLOYMENT_TARGET = 15.4;
				MTL_ENABLE_DEBUG_INFO = INCLUDE_SOURCE;
				MTL_FAST_MATH = YES;
				ONLY_ACTIVE_ARCH = YES;
				SDKROOT = iphoneos;
				SWIFT_ACTIVE_COMPILATION_CONDITIONS = DEBUG;
				SWIFT_OPTIMIZATION_LEVEL = "-Onone";
			};
			name = Debug;
		};
		8417E2A228BCE1AE00DA1DAC /* Release */ = {
			isa = XCBuildConfiguration;
			buildSettings = {
				ALWAYS_SEARCH_USER_PATHS = NO;
				CLANG_ANALYZER_NONNULL = YES;
				CLANG_ANALYZER_NUMBER_OBJECT_CONVERSION = YES_AGGRESSIVE;
				CLANG_CXX_LANGUAGE_STANDARD = "gnu++17";
				CLANG_ENABLE_MODULES = YES;
				CLANG_ENABLE_OBJC_ARC = YES;
				CLANG_ENABLE_OBJC_WEAK = YES;
				CLANG_WARN_BLOCK_CAPTURE_AUTORELEASING = YES;
				CLANG_WARN_BOOL_CONVERSION = YES;
				CLANG_WARN_COMMA = YES;
				CLANG_WARN_CONSTANT_CONVERSION = YES;
				CLANG_WARN_DEPRECATED_OBJC_IMPLEMENTATIONS = YES;
				CLANG_WARN_DIRECT_OBJC_ISA_USAGE = YES_ERROR;
				CLANG_WARN_DOCUMENTATION_COMMENTS = YES;
				CLANG_WARN_EMPTY_BODY = YES;
				CLANG_WARN_ENUM_CONVERSION = YES;
				CLANG_WARN_INFINITE_RECURSION = YES;
				CLANG_WARN_INT_CONVERSION = YES;
				CLANG_WARN_NON_LITERAL_NULL_CONVERSION = YES;
				CLANG_WARN_OBJC_IMPLICIT_RETAIN_SELF = YES;
				CLANG_WARN_OBJC_LITERAL_CONVERSION = YES;
				CLANG_WARN_OBJC_ROOT_CLASS = YES_ERROR;
				CLANG_WARN_QUOTED_INCLUDE_IN_FRAMEWORK_HEADER = YES;
				CLANG_WARN_RANGE_LOOP_ANALYSIS = YES;
				CLANG_WARN_STRICT_PROTOTYPES = YES;
				CLANG_WARN_SUSPICIOUS_MOVE = YES;
				CLANG_WARN_UNGUARDED_AVAILABILITY = YES_AGGRESSIVE;
				CLANG_WARN_UNREACHABLE_CODE = YES;
				CLANG_WARN__DUPLICATE_METHOD_MATCH = YES;
				COPY_PHASE_STRIP = NO;
				DEBUG_INFORMATION_FORMAT = "dwarf-with-dsym";
				ENABLE_NS_ASSERTIONS = NO;
				ENABLE_STRICT_OBJC_MSGSEND = YES;
				GCC_C_LANGUAGE_STANDARD = gnu11;
				GCC_NO_COMMON_BLOCKS = YES;
				GCC_WARN_64_TO_32_BIT_CONVERSION = YES;
				GCC_WARN_ABOUT_RETURN_TYPE = YES_ERROR;
				GCC_WARN_UNDECLARED_SELECTOR = YES;
				GCC_WARN_UNINITIALIZED_AUTOS = YES_AGGRESSIVE;
				GCC_WARN_UNUSED_FUNCTION = YES;
				GCC_WARN_UNUSED_VARIABLE = YES;
				IPHONEOS_DEPLOYMENT_TARGET = 15.4;
				MTL_ENABLE_DEBUG_INFO = NO;
				MTL_FAST_MATH = YES;
				SDKROOT = iphoneos;
				SWIFT_COMPILATION_MODE = wholemodule;
				SWIFT_OPTIMIZATION_LEVEL = "-O";
				VALIDATE_PRODUCT = YES;
			};
			name = Release;
		};
		8417E2A428BCE1AE00DA1DAC /* Debug */ = {
			isa = XCBuildConfiguration;
			buildSettings = {
				ASSETCATALOG_COMPILER_APPICON_NAME = AppIcon;
				ASSETCATALOG_COMPILER_GLOBAL_ACCENT_COLOR_NAME = AccentColor;
				CODE_SIGN_STYLE = Automatic;
				CURRENT_PROJECT_VERSION = 1;
				DEVELOPMENT_TEAM = H2N6PCRV74;
				GENERATE_INFOPLIST_FILE = YES;
				INFOPLIST_FILE = TransactionApp/Info.plist;
				INFOPLIST_KEY_CFBundleDisplayName = TransactionApp;
				INFOPLIST_KEY_UIApplicationSupportsIndirectInputEvents = YES;
				INFOPLIST_KEY_UILaunchStoryboardName = LaunchScreen;
				INFOPLIST_KEY_UISupportedInterfaceOrientations = UIInterfaceOrientationPortrait;
				INFOPLIST_KEY_UISupportedInterfaceOrientations_iPad = "UIInterfaceOrientationPortrait UIInterfaceOrientationPortraitUpsideDown UIInterfaceOrientationLandscapeLeft UIInterfaceOrientationLandscapeRight";
				INFOPLIST_KEY_UISupportedInterfaceOrientations_iPhone = "UIInterfaceOrientationPortrait UIInterfaceOrientationLandscapeLeft UIInterfaceOrientationLandscapeRight";
				LD_RUNPATH_SEARCH_PATHS = (
					"$(inherited)",
					"@executable_path/Frameworks",
				);
				MARKETING_VERSION = 1.0;
				PRODUCT_BUNDLE_IDENTIFIER = com.jobget.TransactionApp;
				PRODUCT_NAME = "$(TARGET_NAME)";
				SWIFT_EMIT_LOC_STRINGS = YES;
				SWIFT_VERSION = 5.0;
				TARGETED_DEVICE_FAMILY = 1;
			};
			name = Debug;
		};
		8417E2A528BCE1AE00DA1DAC /* Release */ = {
			isa = XCBuildConfiguration;
			buildSettings = {
				ASSETCATALOG_COMPILER_APPICON_NAME = AppIcon;
				ASSETCATALOG_COMPILER_GLOBAL_ACCENT_COLOR_NAME = AccentColor;
				CODE_SIGN_STYLE = Automatic;
				CURRENT_PROJECT_VERSION = 1;
				DEVELOPMENT_TEAM = H2N6PCRV74;
				GENERATE_INFOPLIST_FILE = YES;
				INFOPLIST_FILE = TransactionApp/Info.plist;
				INFOPLIST_KEY_CFBundleDisplayName = TransactionApp;
				INFOPLIST_KEY_UIApplicationSupportsIndirectInputEvents = YES;
				INFOPLIST_KEY_UILaunchStoryboardName = LaunchScreen;
				INFOPLIST_KEY_UISupportedInterfaceOrientations = UIInterfaceOrientationPortrait;
				INFOPLIST_KEY_UISupportedInterfaceOrientations_iPad = "UIInterfaceOrientationPortrait UIInterfaceOrientationPortraitUpsideDown UIInterfaceOrientationLandscapeLeft UIInterfaceOrientationLandscapeRight";
				INFOPLIST_KEY_UISupportedInterfaceOrientations_iPhone = "UIInterfaceOrientationPortrait UIInterfaceOrientationLandscapeLeft UIInterfaceOrientationLandscapeRight";
				LD_RUNPATH_SEARCH_PATHS = (
					"$(inherited)",
					"@executable_path/Frameworks",
				);
				MARKETING_VERSION = 1.0;
				PRODUCT_BUNDLE_IDENTIFIER = com.jobget.TransactionApp;
				PRODUCT_NAME = "$(TARGET_NAME)";
				SWIFT_EMIT_LOC_STRINGS = YES;
				SWIFT_VERSION = 5.0;
				TARGETED_DEVICE_FAMILY = 1;
			};
			name = Release;
		};
		8417E2A728BCE1AE00DA1DAC /* Debug */ = {
			isa = XCBuildConfiguration;
			buildSettings = {
				ALWAYS_EMBED_SWIFT_STANDARD_LIBRARIES = YES;
				BUNDLE_LOADER = "$(TEST_HOST)";
				CODE_SIGN_STYLE = Automatic;
				CURRENT_PROJECT_VERSION = 1;
				GENERATE_INFOPLIST_FILE = YES;
				IPHONEOS_DEPLOYMENT_TARGET = 15.4;
				MARKETING_VERSION = 1.0;
				PRODUCT_BUNDLE_IDENTIFIER = com.jobget.TransactionAppTests;
				PRODUCT_NAME = "$(TARGET_NAME)";
				SWIFT_EMIT_LOC_STRINGS = NO;
				SWIFT_VERSION = 5.0;
				TARGETED_DEVICE_FAMILY = "1,2";
				TEST_HOST = "$(BUILT_PRODUCTS_DIR)/TransactionApp.app/TransactionApp";
			};
			name = Debug;
		};
		8417E2A828BCE1AE00DA1DAC /* Release */ = {
			isa = XCBuildConfiguration;
			buildSettings = {
				ALWAYS_EMBED_SWIFT_STANDARD_LIBRARIES = YES;
				BUNDLE_LOADER = "$(TEST_HOST)";
				CODE_SIGN_STYLE = Automatic;
				CURRENT_PROJECT_VERSION = 1;
				GENERATE_INFOPLIST_FILE = YES;
				IPHONEOS_DEPLOYMENT_TARGET = 15.4;
				MARKETING_VERSION = 1.0;
				PRODUCT_BUNDLE_IDENTIFIER = com.jobget.TransactionAppTests;
				PRODUCT_NAME = "$(TARGET_NAME)";
				SWIFT_EMIT_LOC_STRINGS = NO;
				SWIFT_VERSION = 5.0;
				TARGETED_DEVICE_FAMILY = "1,2";
				TEST_HOST = "$(BUILT_PRODUCTS_DIR)/TransactionApp.app/TransactionApp";
			};
			name = Release;
		};
		8417E2AA28BCE1AE00DA1DAC /* Debug */ = {
			isa = XCBuildConfiguration;
			buildSettings = {
				ALWAYS_EMBED_SWIFT_STANDARD_LIBRARIES = YES;
				CODE_SIGN_STYLE = Automatic;
				CURRENT_PROJECT_VERSION = 1;
				GENERATE_INFOPLIST_FILE = YES;
				MARKETING_VERSION = 1.0;
				PRODUCT_BUNDLE_IDENTIFIER = com.jobget.TransactionAppUITests;
				PRODUCT_NAME = "$(TARGET_NAME)";
				SWIFT_EMIT_LOC_STRINGS = NO;
				SWIFT_VERSION = 5.0;
				TARGETED_DEVICE_FAMILY = "1,2";
				TEST_TARGET_NAME = TransactionApp;
			};
			name = Debug;
		};
		8417E2AB28BCE1AE00DA1DAC /* Release */ = {
			isa = XCBuildConfiguration;
			buildSettings = {
				ALWAYS_EMBED_SWIFT_STANDARD_LIBRARIES = YES;
				CODE_SIGN_STYLE = Automatic;
				CURRENT_PROJECT_VERSION = 1;
				GENERATE_INFOPLIST_FILE = YES;
				MARKETING_VERSION = 1.0;
				PRODUCT_BUNDLE_IDENTIFIER = com.jobget.TransactionAppUITests;
				PRODUCT_NAME = "$(TARGET_NAME)";
				SWIFT_EMIT_LOC_STRINGS = NO;
				SWIFT_VERSION = 5.0;
				TARGETED_DEVICE_FAMILY = "1,2";
				TEST_TARGET_NAME = TransactionApp;
			};
			name = Release;
		};
/* End XCBuildConfiguration section */

/* Begin XCConfigurationList section */
		8417E27128BCE1AB00DA1DAC /* Build configuration list for PBXProject "TransactionApp" */ = {
			isa = XCConfigurationList;
			buildConfigurations = (
				8417E2A128BCE1AE00DA1DAC /* Debug */,
				8417E2A228BCE1AE00DA1DAC /* Release */,
			);
			defaultConfigurationIsVisible = 0;
			defaultConfigurationName = Release;
		};
		8417E2A328BCE1AE00DA1DAC /* Build configuration list for PBXNativeTarget "TransactionApp" */ = {
			isa = XCConfigurationList;
			buildConfigurations = (
				8417E2A428BCE1AE00DA1DAC /* Debug */,
				8417E2A528BCE1AE00DA1DAC /* Release */,
			);
			defaultConfigurationIsVisible = 0;
			defaultConfigurationName = Release;
		};
		8417E2A628BCE1AE00DA1DAC /* Build configuration list for PBXNativeTarget "TransactionAppTests" */ = {
			isa = XCConfigurationList;
			buildConfigurations = (
				8417E2A728BCE1AE00DA1DAC /* Debug */,
				8417E2A828BCE1AE00DA1DAC /* Release */,
			);
			defaultConfigurationIsVisible = 0;
			defaultConfigurationName = Release;
		};
		8417E2A928BCE1AE00DA1DAC /* Build configuration list for PBXNativeTarget "TransactionAppUITests" */ = {
			isa = XCConfigurationList;
			buildConfigurations = (
				8417E2AA28BCE1AE00DA1DAC /* Debug */,
				8417E2AB28BCE1AE00DA1DAC /* Release */,
			);
			defaultConfigurationIsVisible = 0;
			defaultConfigurationName = Release;
		};
/* End XCConfigurationList section */

/* Begin XCVersionGroup section */
		8417E28228BCE1AB00DA1DAC /* TransactionApp.xcdatamodeld */ = {
			isa = XCVersionGroup;
			children = (
				8417E28328BCE1AB00DA1DAC /* TransactionApp.xcdatamodel */,
			);
			currentVersion = 8417E28328BCE1AB00DA1DAC /* TransactionApp.xcdatamodel */;
			path = TransactionApp.xcdatamodeld;
			sourceTree = "<group>";
			versionGroupType = wrapper.xcdatamodel;
		};
/* End XCVersionGroup section */
	};
	rootObject = 8417E26E28BCE1AB00DA1DAC /* Project object */;
}
